
Microsoft Visual Studio Solution File, Format Version 12.00
# Visual Studio Version 17
VisualStudioVersion = 17.1.32421.90
MinimumVisualStudioVersion = 10.0.40219.1
Project("{9A19103F-16F7-4668-BE54-9A1E7A4F7556}") = "JeremyAnsel.Media.DirectXFile", "JeremyAnsel.Media.DirectXFile\JeremyAnsel.Media.DirectXFile.csproj", "{4F2B334B-E2B2-4472-9942-2E799ACCFFED}"
EndProject
Project("{9A19103F-16F7-4668-BE54-9A1E7A4F7556}") = "Documentation", "Documentation\Documentation.csproj", "{C60A434E-5C96-43CD-B3E9-94AA28440DBB}"
EndProject
Global
	GlobalSection(SolutionConfigurationPlatforms) = preSolution
		Debug|Any CPU = Debug|Any CPU
		Release|Any CPU = Release|Any CPU
	EndGlobalSection
	GlobalSection(ProjectConfigurationPlatforms) = postSolution
		{4F2B334B-E2B2-4472-9942-2E799ACCFFED}.Debug|Any CPU.ActiveCfg = Debug|Any CPU
		{4F2B334B-E2B2-4472-9942-2E799ACCFFED}.Debug|Any CPU.Build.0 = Debug|Any CPU
		{4F2B334B-E2B2-4472-9942-2E799ACCFFED}.Release|Any CPU.ActiveCfg = Release|Any CPU
		{4F2B334B-E2B2-4472-9942-2E799ACCFFED}.Release|Any CPU.Build.0 = Release|Any CPU
		{C60A434E-5C96-43CD-B3E9-94AA28440DBB}.Debug|Any CPU.ActiveCfg = Debug|Any CPU
		{C60A434E-5C96-43CD-B3E9-94AA28440DBB}.Release|Any CPU.ActiveCfg = Release|Any CPU
		{C60A434E-5C96-43CD-B3E9-94AA28440DBB}.Release|Any CPU.Build.0 = Release|Any CPU
	EndGlobalSection
	GlobalSection(SolutionProperties) = preSolution
		HideSolutionNode = FALSE
	EndGlobalSection
	GlobalSection(ExtensibilityGlobals) = postSolution
		SolutionGuid = {32043C1A-54C1-4DBF-A505-FDB598581DE6}
	EndGlobalSection
EndGlobal
